
Microsoft Visual Studio Solution File, Format Version 12.00
# Visual Studio 15
VisualStudioVersion = 15.0.27428.2002
MinimumVisualStudioVersion = 10.0.40219.1
Project("{FAE04EC0-301F-11D3-BF4B-00C04F79EFBC}") = "DA.lib.MVVM.Framework", "DA.lib.MVVM.Framework\DA.lib.MVVM.Framework.csproj", "{4E445865-0D5D-4E58-8705-46758841C1B7}"
EndProject
Project("{FAE04EC0-301F-11D3-BF4B-00C04F79EFBC}") = "DA.lib.Commons", "Commons\DA.lib.Commons.csproj", "{3416A077-5B91-42B0-AC62-3B6341EA3F66}"
EndProject
Project("{2150E333-8FDC-42A3-9474-1A3956D46DE8}") = "Examples", "Examples", "{813F863A-03D5-494D-AC7C-F4211E1CEBC6}"
EndProject
Project("{2150E333-8FDC-42A3-9474-1A3956D46DE8}") = "View", "View", "{7DEC8C91-CB86-41DC-9F81-86DD2E9C6825}"
EndProject
Project("{FAE04EC0-301F-11D3-BF4B-00C04F79EFBC}") = "Datenerfassung.Wpf", "Wpf.App\Datenerfassung.Wpf.csproj", "{800DB5D7-E4DA-43E5-B7BC-6C3C18CB8402}"
EndProject
Project("{2150E333-8FDC-42A3-9474-1A3956D46DE8}") = "ViewModel", "ViewModel", "{98C3EA56-F846-4D32-9D8F-9506DB1251D2}"
EndProject
Project("{FAE04EC0-301F-11D3-BF4B-00C04F79EFBC}") = "Datenerfassung.ViewModel", "Datenerfassung.ViewModel\Datenerfassung.ViewModel.csproj", "{7D648574-637F-4DA1-B680-B14C678D4699}"
EndProject
Project("{2150E333-8FDC-42A3-9474-1A3956D46DE8}") = "Model", "Model", "{30AF8752-0395-4D20-9A37-04481D8A3C09}"
EndProject
Project("{FAE04EC0-301F-11D3-BF4B-00C04F79EFBC}") = "Datenerfassung.DataModel", "Datenerfassung.DataModel\Datenerfassung.DataModel.csproj", "{6A2A95CC-F18A-49D6-BD75-90D80D246F7A}"
EndProject
Project("{2150E333-8FDC-42A3-9474-1A3956D46DE8}") = "IO", "IO", "{749FDC7C-BB81-4345-99F6-19BCC61C4501}"
EndProject
Project("{FAE04EC0-301F-11D3-BF4B-00C04F79EFBC}") = "IO.Declarations", "IO.Declarations\IO.Declarations.csproj", "{4BE06942-4978-477B-94F0-A1513247132D}"
EndProject
Project("{FAE04EC0-301F-11D3-BF4B-00C04F79EFBC}") = "IO.Implementation", "IO.Implementation\IO.Implementation.csproj", "{BBBE8C29-714A-4ACE-9D57-8F158C7F5091}"
EndProject
Global
	GlobalSection(SolutionConfigurationPlatforms) = preSolution
		Debug|Any CPU = Debug|Any CPU
		Release|Any CPU = Release|Any CPU
	EndGlobalSection
	GlobalSection(ProjectConfigurationPlatforms) = postSolution
		{4E445865-0D5D-4E58-8705-46758841C1B7}.Debug|Any CPU.ActiveCfg = Debug|Any CPU
		{4E445865-0D5D-4E58-8705-46758841C1B7}.Debug|Any CPU.Build.0 = Debug|Any CPU
		{4E445865-0D5D-4E58-8705-46758841C1B7}.Release|Any CPU.ActiveCfg = Release|Any CPU
		{4E445865-0D5D-4E58-8705-46758841C1B7}.Release|Any CPU.Build.0 = Release|Any CPU
		{3416A077-5B91-42B0-AC62-3B6341EA3F66}.Debug|Any CPU.ActiveCfg = Debug|Any CPU
		{3416A077-5B91-42B0-AC62-3B6341EA3F66}.Debug|Any CPU.Build.0 = Debug|Any CPU
		{3416A077-5B91-42B0-AC62-3B6341EA3F66}.Release|Any CPU.ActiveCfg = Release|Any CPU
		{3416A077-5B91-42B0-AC62-3B6341EA3F66}.Release|Any CPU.Build.0 = Release|Any CPU
		{800DB5D7-E4DA-43E5-B7BC-6C3C18CB8402}.Debug|Any CPU.ActiveCfg = Debug|Any CPU
		{800DB5D7-E4DA-43E5-B7BC-6C3C18CB8402}.Debug|Any CPU.Build.0 = Debug|Any CPU
		{800DB5D7-E4DA-43E5-B7BC-6C3C18CB8402}.Release|Any CPU.ActiveCfg = Release|Any CPU
		{800DB5D7-E4DA-43E5-B7BC-6C3C18CB8402}.Release|Any CPU.Build.0 = Release|Any CPU
		{7D648574-637F-4DA1-B680-B14C678D4699}.Debug|Any CPU.ActiveCfg = Debug|Any CPU
		{7D648574-637F-4DA1-B680-B14C678D4699}.Debug|Any CPU.Build.0 = Debug|Any CPU
		{7D648574-637F-4DA1-B680-B14C678D4699}.Release|Any CPU.ActiveCfg = Release|Any CPU
		{7D648574-637F-4DA1-B680-B14C678D4699}.Release|Any CPU.Build.0 = Release|Any CPU
		{6A2A95CC-F18A-49D6-BD75-90D80D246F7A}.Debug|Any CPU.ActiveCfg = Debug|Any CPU
		{6A2A95CC-F18A-49D6-BD75-90D80D246F7A}.Debug|Any CPU.Build.0 = Debug|Any CPU
		{6A2A95CC-F18A-49D6-BD75-90D80D246F7A}.Release|Any CPU.ActiveCfg = Release|Any CPU
		{6A2A95CC-F18A-49D6-BD75-90D80D246F7A}.Release|Any CPU.Build.0 = Release|Any CPU
		{4BE06942-4978-477B-94F0-A1513247132D}.Debug|Any CPU.ActiveCfg = Debug|Any CPU
		{4BE06942-4978-477B-94F0-A1513247132D}.Debug|Any CPU.Build.0 = Debug|Any CPU
		{4BE06942-4978-477B-94F0-A1513247132D}.Release|Any CPU.ActiveCfg = Release|Any CPU
		{4BE06942-4978-477B-94F0-A1513247132D}.Release|Any CPU.Build.0 = Release|Any CPU
		{BBBE8C29-714A-4ACE-9D57-8F158C7F5091}.Debug|Any CPU.ActiveCfg = Debug|Any CPU
		{BBBE8C29-714A-4ACE-9D57-8F158C7F5091}.Debug|Any CPU.Build.0 = Debug|Any CPU
		{BBBE8C29-714A-4ACE-9D57-8F158C7F5091}.Release|Any CPU.ActiveCfg = Release|Any CPU
		{BBBE8C29-714A-4ACE-9D57-8F158C7F5091}.Release|Any CPU.Build.0 = Release|Any CPU
	EndGlobalSection
	GlobalSection(SolutionProperties) = preSolution
		HideSolutionNode = FALSE
	EndGlobalSection
	GlobalSection(NestedProjects) = preSolution
		{7DEC8C91-CB86-41DC-9F81-86DD2E9C6825} = {813F863A-03D5-494D-AC7C-F4211E1CEBC6}
		{800DB5D7-E4DA-43E5-B7BC-6C3C18CB8402} = {7DEC8C91-CB86-41DC-9F81-86DD2E9C6825}
		{98C3EA56-F846-4D32-9D8F-9506DB1251D2} = {813F863A-03D5-494D-AC7C-F4211E1CEBC6}
		{7D648574-637F-4DA1-B680-B14C678D4699} = {98C3EA56-F846-4D32-9D8F-9506DB1251D2}
		{30AF8752-0395-4D20-9A37-04481D8A3C09} = {813F863A-03D5-494D-AC7C-F4211E1CEBC6}
		{6A2A95CC-F18A-49D6-BD75-90D80D246F7A} = {30AF8752-0395-4D20-9A37-04481D8A3C09}
		{749FDC7C-BB81-4345-99F6-19BCC61C4501} = {813F863A-03D5-494D-AC7C-F4211E1CEBC6}
		{4BE06942-4978-477B-94F0-A1513247132D} = {749FDC7C-BB81-4345-99F6-19BCC61C4501}
		{BBBE8C29-714A-4ACE-9D57-8F158C7F5091} = {749FDC7C-BB81-4345-99F6-19BCC61C4501}
	EndGlobalSection
	GlobalSection(ExtensibilityGlobals) = postSolution
		SolutionGuid = {123AE4AD-D7ED-48CD-8522-A4CD2BA3BF1F}
	EndGlobalSection
EndGlobal
